
Microsoft Visual Studio Solution File, Format Version 12.00
# Visual Studio Version 17
VisualStudioVersion = 17.4.33122.133
MinimumVisualStudioVersion = 10.0.40219.1
Project("{FAE04EC0-301F-11D3-BF4B-00C04F79EFBC}") = "DiabloApp.Android", "DiabloApp\DiabloApp.Android\DiabloApp.Android.csproj", "{8C4C41D7-FD85-4F28-8101-358A107CAF0F}"
EndProject
Project("{FAE04EC0-301F-11D3-BF4B-00C04F79EFBC}") = "DiabloApp.iOS", "DiabloApp\DiabloApp.iOS\DiabloApp.iOS.csproj", "{0867433F-6633-49A5-B59E-5D6C888614B9}"
EndProject
Project("{9A19103F-16F7-4668-BE54-9A1E7A4F7556}") = "DiabloApp", "DiabloApp\DiabloApp\DiabloApp.csproj", "{03CF3513-E570-4A62-B43C-4EE5C5A9410E}"
EndProject
Project("{2150E333-8FDC-42A3-9474-1A3956D46DE8}") = "Solution Items", "Solution Items", "{B5B8496F-8175-4F42-9C9F-C00D3D25D71C}"
	ProjectSection(SolutionItems) = preProject
		.editorconfig = .editorconfig
		README.md = README.md
	EndProjectSection
EndProject
Global
	GlobalSection(SolutionConfigurationPlatforms) = preSolution
		Debug|Any CPU = Debug|Any CPU
		Debug|iPhone = Debug|iPhone
		Debug|iPhoneSimulator = Debug|iPhoneSimulator
		Release|Any CPU = Release|Any CPU
		Release|iPhone = Release|iPhone
		Release|iPhoneSimulator = Release|iPhoneSimulator
	EndGlobalSection
	GlobalSection(ProjectConfigurationPlatforms) = postSolution
		{8C4C41D7-FD85-4F28-8101-358A107CAF0F}.Debug|Any CPU.ActiveCfg = Debug|Any CPU
		{8C4C41D7-FD85-4F28-8101-358A107CAF0F}.Debug|Any CPU.Build.0 = Debug|Any CPU
		{8C4C41D7-FD85-4F28-8101-358A107CAF0F}.Debug|Any CPU.Deploy.0 = Debug|Any CPU
		{8C4C41D7-FD85-4F28-8101-358A107CAF0F}.Debug|iPhone.ActiveCfg = Debug|Any CPU
		{8C4C41D7-FD85-4F28-8101-358A107CAF0F}.Debug|iPhone.Build.0 = Debug|Any CPU
		{8C4C41D7-FD85-4F28-8101-358A107CAF0F}.Debug|iPhone.Deploy.0 = Debug|Any CPU
		{8C4C41D7-FD85-4F28-8101-358A107CAF0F}.Debug|iPhoneSimulator.ActiveCfg = Debug|Any CPU
		{8C4C41D7-FD85-4F28-8101-358A107CAF0F}.Debug|iPhoneSimulator.Build.0 = Debug|Any CPU
		{8C4C41D7-FD85-4F28-8101-358A107CAF0F}.Debug|iPhoneSimulator.Deploy.0 = Debug|Any CPU
		{8C4C41D7-FD85-4F28-8101-358A107CAF0F}.Release|Any CPU.ActiveCfg = Release|Any CPU
		{8C4C41D7-FD85-4F28-8101-358A107CAF0F}.Release|Any CPU.Build.0 = Release|Any CPU
		{8C4C41D7-FD85-4F28-8101-358A107CAF0F}.Release|Any CPU.Deploy.0 = Release|Any CPU
		{8C4C41D7-FD85-4F28-8101-358A107CAF0F}.Release|iPhone.ActiveCfg = Release|Any CPU
		{8C4C41D7-FD85-4F28-8101-358A107CAF0F}.Release|iPhone.Build.0 = Release|Any CPU
		{8C4C41D7-FD85-4F28-8101-358A107CAF0F}.Release|iPhone.Deploy.0 = Release|Any CPU
		{8C4C41D7-FD85-4F28-8101-358A107CAF0F}.Release|iPhoneSimulator.ActiveCfg = Release|Any CPU
		{8C4C41D7-FD85-4F28-8101-358A107CAF0F}.Release|iPhoneSimulator.Build.0 = Release|Any CPU
		{8C4C41D7-FD85-4F28-8101-358A107CAF0F}.Release|iPhoneSimulator.Deploy.0 = Release|Any CPU
		{0867433F-6633-49A5-B59E-5D6C888614B9}.Debug|Any CPU.ActiveCfg = Debug|iPhone
		{0867433F-6633-49A5-B59E-5D6C888614B9}.Debug|Any CPU.Build.0 = Debug|iPhone
		{0867433F-6633-49A5-B59E-5D6C888614B9}.Debug|Any CPU.Deploy.0 = Debug|iPhone
		{0867433F-6633-49A5-B59E-5D6C888614B9}.Debug|iPhone.ActiveCfg = Debug|iPhone
		{0867433F-6633-49A5-B59E-5D6C888614B9}.Debug|iPhone.Build.0 = Debug|iPhone
		{0867433F-6633-49A5-B59E-5D6C888614B9}.Debug|iPhone.Deploy.0 = Debug|iPhone
		{0867433F-6633-49A5-B59E-5D6C888614B9}.Debug|iPhoneSimulator.ActiveCfg = Debug|iPhoneSimulator
		{0867433F-6633-49A5-B59E-5D6C888614B9}.Debug|iPhoneSimulator.Build.0 = Debug|iPhoneSimulator
		{0867433F-6633-49A5-B59E-5D6C888614B9}.Debug|iPhoneSimulator.Deploy.0 = Debug|iPhoneSimulator
		{0867433F-6633-49A5-B59E-5D6C888614B9}.Release|Any CPU.ActiveCfg = Release|iPhoneSimulator
		{0867433F-6633-49A5-B59E-5D6C888614B9}.Release|Any CPU.Build.0 = Release|iPhoneSimulator
		{0867433F-6633-49A5-B59E-5D6C888614B9}.Release|Any CPU.Deploy.0 = Release|iPhoneSimulator
		{0867433F-6633-49A5-B59E-5D6C888614B9}.Release|iPhone.ActiveCfg = Release|iPhone
		{0867433F-6633-49A5-B59E-5D6C888614B9}.Release|iPhone.Build.0 = Release|iPhone
		{0867433F-6633-49A5-B59E-5D6C888614B9}.Release|iPhone.Deploy.0 = Release|iPhone
		{0867433F-6633-49A5-B59E-5D6C888614B9}.Release|iPhoneSimulator.ActiveCfg = Release|iPhoneSimulator
		{0867433F-6633-49A5-B59E-5D6C888614B9}.Release|iPhoneSimulator.Build.0 = Release|iPhoneSimulator
		{0867433F-6633-49A5-B59E-5D6C888614B9}.Release|iPhoneSimulator.Deploy.0 = Release|iPhoneSimulator
		{03CF3513-E570-4A62-B43C-4EE5C5A9410E}.Debug|Any CPU.ActiveCfg = Debug|Any CPU
		{03CF3513-E570-4A62-B43C-4EE5C5A9410E}.Debug|Any CPU.Build.0 = Debug|Any CPU
		{03CF3513-E570-4A62-B43C-4EE5C5A9410E}.Debug|Any CPU.Deploy.0 = Debug|Any CPU
		{03CF3513-E570-4A62-B43C-4EE5C5A9410E}.Debug|iPhone.ActiveCfg = Debug|Any CPU
		{03CF3513-E570-4A62-B43C-4EE5C5A9410E}.Debug|iPhone.Build.0 = Debug|Any CPU
		{03CF3513-E570-4A62-B43C-4EE5C5A9410E}.Debug|iPhone.Deploy.0 = Debug|Any CPU
		{03CF3513-E570-4A62-B43C-4EE5C5A9410E}.Debug|iPhoneSimulator.ActiveCfg = Debug|Any CPU
		{03CF3513-E570-4A62-B43C-4EE5C5A9410E}.Debug|iPhoneSimulator.Build.0 = Debug|Any CPU
		{03CF3513-E570-4A62-B43C-4EE5C5A9410E}.Debug|iPhoneSimulator.Deploy.0 = Debug|Any CPU
		{03CF3513-E570-4A62-B43C-4EE5C5A9410E}.Release|Any CPU.ActiveCfg = Release|Any CPU
		{03CF3513-E570-4A62-B43C-4EE5C5A9410E}.Release|Any CPU.Build.0 = Release|Any CPU
		{03CF3513-E570-4A62-B43C-4EE5C5A9410E}.Release|Any CPU.Deploy.0 = Release|Any CPU
		{03CF3513-E570-4A62-B43C-4EE5C5A9410E}.Release|iPhone.ActiveCfg = Release|Any CPU
		{03CF3513-E570-4A62-B43C-4EE5C5A9410E}.Release|iPhone.Build.0 = Release|Any CPU
		{03CF3513-E570-4A62-B43C-4EE5C5A9410E}.Release|iPhone.Deploy.0 = Release|Any CPU
		{03CF3513-E570-4A62-B43C-4EE5C5A9410E}.Release|iPhoneSimulator.ActiveCfg = Release|Any CPU
		{03CF3513-E570-4A62-B43C-4EE5C5A9410E}.Release|iPhoneSimulator.Build.0 = Release|Any CPU
		{03CF3513-E570-4A62-B43C-4EE5C5A9410E}.Release|iPhoneSimulator.Deploy.0 = Release|Any CPU
	EndGlobalSection
	GlobalSection(SolutionProperties) = preSolution
		HideSolutionNode = FALSE
	EndGlobalSection
	GlobalSection(ExtensibilityGlobals) = postSolution
		SolutionGuid = {91B5A772-12C3-4917-B5FE-5B22AF833AF6}
	EndGlobalSection
EndGlobal
